PODS:
  - SwiftLint (0.50.3)
  - SwiftSoup (2.5.3)

DEPENDENCIES:
  - SwiftLint
  - SwiftSoup

SPEC REPOS:
  trunk:
    - SwiftLint
    - SwiftSoup

SPEC CHECKSUMS:
  SwiftLint: 77f7cb2b9bb81ab4a12fcc86448ba3f11afa50c6
  SwiftSoup: 33e8d374021a6c332788f78fa29a93227d8a7699

PODFILE CHECKSUM: a7b1cbd9048140ba9d51cdefe759cfde5480fc50

COCOAPODS: 1.12.0
