PODS:
  - R.swift (7.3.2)
  - SnapKit (5.6.0)
  - SwiftSoup (2.6.1)

DEPENDENCIES:
  - R.swift
  - SnapKit
  - SwiftSoup

SPEC REPOS:
  trunk:
    - R.swift
    - SnapKit
    - SwiftSoup

SPEC CHECKSUMS:
  R.swift: 0af0d882f49f03711415cb4e5215daa977d8a480
  SnapKit: e01d52ebb8ddbc333eefe2132acf85c8227d9c25
  SwiftSoup: 5dd2c1b06afc964f30d99894af6ede22ede627aa

PODFILE CHECKSUM: 1a89b25cd691be8073335d6bf4e52a79a6c37dde

COCOAPODS: 1.14.3
