// !$*UTF8*$!
{
	archiveVersion = 1;
	classes = {
	};
	objectVersion = 56;
	objects = {

/* Begin PBXBuildFile section */
		0A0ECBFA2A5F1E5E004BDB61 /* HeaderWithButtonView.swift in Sources */ = {isa = PBXBuildFile; fileRef = 0A0ECBF92A5F1E5E004BDB61 /* HeaderWithButtonView.swift */; };
		0A1A697A2A6511C8003FFECB /* DataCacheManager.swift in Sources */ = {isa = PBXBuildFile; fileRef = 0A1A69792A6511C8003FFECB /* DataCacheManager.swift */; };
		0A1A69872A65CEF2003FFECB /* TTLabel.swift in Sources */ = {isa = PBXBuildFile; fileRef = 0A1A69862A65CEF2003FFECB /* TTLabel.swift */; };
		0A223B6F29C893FE00C8EDBF /* CoreDataTimetable.xcdatamodeld in Sources */ = {isa = PBXBuildFile; fileRef = 0A223B6D29C893FE00C8EDBF /* CoreDataTimetable.xcdatamodeld */; };
		0A223B7329C8A5BA00C8EDBF /* Tasks+CoreDataProperties.swift in Sources */ = {isa = PBXBuildFile; fileRef = 0A223B7129C8A5BA00C8EDBF /* Tasks+CoreDataProperties.swift */; };
		0A223B7529C8A5E500C8EDBF /* CoreDataManager.swift in Sources */ = {isa = PBXBuildFile; fileRef = 0A223B7429C8A5E500C8EDBF /* CoreDataManager.swift */; };
		0A58D5DA29D4960200EE17EA /* TimeTableModel.swift in Sources */ = {isa = PBXBuildFile; fileRef = 0A58D5D929D4960200EE17EA /* TimeTableModel.swift */; };
		0A58D5E529D4CCB900EE17EA /* BaseCell.swift in Sources */ = {isa = PBXBuildFile; fileRef = 0A58D5E429D4CCB900EE17EA /* BaseCell.swift */; };
		0A58D5E729D4CF2D00EE17EA /* InteractiveCell.swift in Sources */ = {isa = PBXBuildFile; fileRef = 0A58D5E629D4CF2D00EE17EA /* InteractiveCell.swift */; };
		0A5B8A6429D8DCBC00966EAC /* Profile+CoreDataProperties.swift in Sources */ = {isa = PBXBuildFile; fileRef = 0A5B8A6229D8DCBC00966EAC /* Profile+CoreDataProperties.swift */; };
		0A5BC6342A8238A600A809B5 /* ScheduleNavigatorView.swift in Sources */ = {isa = PBXBuildFile; fileRef = 0A5BC6332A8238A600A809B5 /* ScheduleNavigatorView.swift */; };
		0A71EAB329D6E19600C13723 /* Bundle + ext.swift in Sources */ = {isa = PBXBuildFile; fileRef = 0A71EAB229D6E19600C13723 /* Bundle + ext.swift */; };
		0A71EAB529D6E1AF00C13723 /* UIImage + ext.swift in Sources */ = {isa = PBXBuildFile; fileRef = 0A71EAB429D6E1AF00C13723 /* UIImage + ext.swift */; };
		0A71EAB929D700BC00C13723 /* UIWindow + ext.swift in Sources */ = {isa = PBXBuildFile; fileRef = 0A71EAB829D700BC00C13723 /* UIWindow + ext.swift */; };
		0A8D33C22AD0555A005B20EF /* TaskController.swift in Sources */ = {isa = PBXBuildFile; fileRef = 0A8D33BD2AD0555A005B20EF /* TaskController.swift */; };
		0A8D33C32AD0555A005B20EF /* ContentView.swift in Sources */ = {isa = PBXBuildFile; fileRef = 0A8D33BF2AD0555A005B20EF /* ContentView.swift */; };
		0A98A27E2A63C6A800F4947D /* DirectionsController.swift in Sources */ = {isa = PBXBuildFile; fileRef = 0A98A27D2A63C6A800F4947D /* DirectionsController.swift */; };
		0A98A2802A63F12600F4947D /* GroupsController.swift in Sources */ = {isa = PBXBuildFile; fileRef = 0A98A27F2A63F12600F4947D /* GroupsController.swift */; };
		0A98A2822A64172E00F4947D /* ModelAuth.swift in Sources */ = {isa = PBXBuildFile; fileRef = 0A98A2812A64172E00F4947D /* ModelAuth.swift */; };
		0A98A2852A64519700F4947D /* BackgroundTimetableOverview.swift in Sources */ = {isa = PBXBuildFile; fileRef = 0A98A2842A64519700F4947D /* BackgroundTimetableOverview.swift */; };
		0A9FA52D2AA77B0A004EF8B6 /* APIManager.swift in Sources */ = {isa = PBXBuildFile; fileRef = 0A9FA52C2AA77B0A004EF8B6 /* APIManager.swift */; };
		0AA605802A8A8D4A008C4A6B /* CacheInfoCell.swift in Sources */ = {isa = PBXBuildFile; fileRef = 0AA6057F2A8A8D4A008C4A6B /* CacheInfoCell.swift */; };
		0AA605AB2A8AC290008C4A6B /* TasksController.swift in Sources */ = {isa = PBXBuildFile; fileRef = 0AA605A42A8AC290008C4A6B /* TasksController.swift */; };
		0AA605AF2A8AC290008C4A6B /* TasksCell.swift in Sources */ = {isa = PBXBuildFile; fileRef = 0AA605AA2A8AC290008C4A6B /* TasksCell.swift */; };
		0AB612E62A66FEF0007E6757 /* FeedbackView.swift in Sources */ = {isa = PBXBuildFile; fileRef = 0AB612E52A66FEF0007E6757 /* FeedbackView.swift */; };
		0AC485C729E05F63009B9EE5 /* FacultiesController.swift in Sources */ = {isa = PBXBuildFile; fileRef = 0AC485C629E05F63009B9EE5 /* FacultiesController.swift */; };
		0AC485C929E06884009B9EE5 /* GroupsTitlesController.swift in Sources */ = {isa = PBXBuildFile; fileRef = 0AC485C829E06884009B9EE5 /* GroupsTitlesController.swift */; };
		0AC82F722A893EF300E67D4F /* ImageViewCell.swift in Sources */ = {isa = PBXBuildFile; fileRef = 0AC82F712A893EF300E67D4F /* ImageViewCell.swift */; };
		0AC82F742A8946C800E67D4F /* ToggleCell.swift in Sources */ = {isa = PBXBuildFile; fileRef = 0AC82F732A8946C800E67D4F /* ToggleCell.swift */; };
		0AC82F762A8949C100E67D4F /* Resources + ext String.swift in Sources */ = {isa = PBXBuildFile; fileRef = 0AC82F752A8949C100E67D4F /* Resources + ext String.swift */; };
		0AC82F782A894A2800E67D4F /* Resources + ext Image.swift in Sources */ = {isa = PBXBuildFile; fileRef = 0AC82F772A894A2800E67D4F /* Resources + ext Image.swift */; };
		0ACC4E4829C660CF00B3D6AC /* Assets.xcassets in Resources */ = {isa = PBXBuildFile; fileRef = 0ACC4E4729C660CF00B3D6AC /* Assets.xcassets */; };
		0ACC4E4B29C660CF00B3D6AC /* LaunchScreen.storyboard in Resources */ = {isa = PBXBuildFile; fileRef = 0ACC4E4929C660CF00B3D6AC /* LaunchScreen.storyboard */; };
		0ACC4E5629C660CF00B3D6AC /* timetableTests.swift in Sources */ = {isa = PBXBuildFile; fileRef = 0ACC4E5529C660CF00B3D6AC /* timetableTests.swift */; };
		0ACC4E6029C660CF00B3D6AC /* timetableUITests.swift in Sources */ = {isa = PBXBuildFile; fileRef = 0ACC4E5F29C660CF00B3D6AC /* timetableUITests.swift */; };
		0ACC4E6229C660CF00B3D6AC /* timetableUITestsLaunchTests.swift in Sources */ = {isa = PBXBuildFile; fileRef = 0ACC4E6129C660CF00B3D6AC /* timetableUITestsLaunchTests.swift */; };
		0ACC4E7129C661AA00B3D6AC /* tasks.md in Resources */ = {isa = PBXBuildFile; fileRef = 0ACC4E6F29C661AA00B3D6AC /* tasks.md */; };
		0ACC4E7229C661AA00B3D6AC /* README.md in Resources */ = {isa = PBXBuildFile; fileRef = 0ACC4E7029C661AA00B3D6AC /* README.md */; };
		0ACC4EAD29C6620300B3D6AC /* AppDelegate.swift in Sources */ = {isa = PBXBuildFile; fileRef = 0ACC4E7429C6620200B3D6AC /* AppDelegate.swift */; };
		0ACC4EAE29C6620300B3D6AC /* SceneDelegate.swift in Sources */ = {isa = PBXBuildFile; fileRef = 0ACC4E7529C6620200B3D6AC /* SceneDelegate.swift */; };
		0ACC4EB329C6620300B3D6AC /* NavigationController.swift in Sources */ = {isa = PBXBuildFile; fileRef = 0ACC4E8229C6620200B3D6AC /* NavigationController.swift */; };
		0ACC4EB429C6620300B3D6AC /* TabBarController.swift in Sources */ = {isa = PBXBuildFile; fileRef = 0ACC4E8329C6620200B3D6AC /* TabBarController.swift */; };
		0ACC4EB529C6620300B3D6AC /* ProfileController.swift in Sources */ = {isa = PBXBuildFile; fileRef = 0ACC4E8529C6620200B3D6AC /* ProfileController.swift */; };
		0ACC4EB629C6620300B3D6AC /* ProfileCell.swift in Sources */ = {isa = PBXBuildFile; fileRef = 0ACC4E8829C6620200B3D6AC /* ProfileCell.swift */; };
		0ACC4EBA29C6620300B3D6AC /* OverviewNavBar.swift in Sources */ = {isa = PBXBuildFile; fileRef = 0ACC4E9129C6620200B3D6AC /* OverviewNavBar.swift */; };
		0ACC4EBB29C6620300B3D6AC /* WeekdayView.swift in Sources */ = {isa = PBXBuildFile; fileRef = 0ACC4E9329C6620200B3D6AC /* WeekdayView.swift */; };
		0ACC4EBC29C6620300B3D6AC /* WeekView.swift in Sources */ = {isa = PBXBuildFile; fileRef = 0ACC4E9429C6620200B3D6AC /* WeekView.swift */; };
		0ACC4EBD29C6620300B3D6AC /* TimetableCell.swift in Sources */ = {isa = PBXBuildFile; fileRef = 0ACC4E9729C6620200B3D6AC /* TimetableCell.swift */; };
		0ACC4EBE29C6620300B3D6AC /* OverviewController.swift in Sources */ = {isa = PBXBuildFile; fileRef = 0ACC4E9829C6620200B3D6AC /* OverviewController.swift */; };
		0ACC4EBF29C6620300B3D6AC /* TTBaseController.swift in Sources */ = {isa = PBXBuildFile; fileRef = 0ACC4E9A29C6620200B3D6AC /* TTBaseController.swift */; };
		0ACC4EC029C6620300B3D6AC /* TTBaseView.swift in Sources */ = {isa = PBXBuildFile; fileRef = 0ACC4E9C29C6620300B3D6AC /* TTBaseView.swift */; };
		0ACC4EC129C6620300B3D6AC /* SectionView.swift in Sources */ = {isa = PBXBuildFile; fileRef = 0ACC4E9E29C6620300B3D6AC /* SectionView.swift */; };
		0ACC4EC329C6620300B3D6AC /* TTButton.swift in Sources */ = {isa = PBXBuildFile; fileRef = 0ACC4EA029C6620300B3D6AC /* TTButton.swift */; };
		0ACC4EC429C6620300B3D6AC /* Resources.swift in Sources */ = {isa = PBXBuildFile; fileRef = 0ACC4EA229C6620300B3D6AC /* Resources.swift */; };
		0ACC4EC529C6620300B3D6AC /* UserDefaults + ext.swift in Sources */ = {isa = PBXBuildFile; fileRef = 0ACC4EA329C6620300B3D6AC /* UserDefaults + ext.swift */; };
		0ACC4EC629C6620300B3D6AC /* Date + ext.swift in Sources */ = {isa = PBXBuildFile; fileRef = 0ACC4EA529C6620300B3D6AC /* Date + ext.swift */; };
		0ACC4EC729C6620300B3D6AC /* UIColor + ext.swift in Sources */ = {isa = PBXBuildFile; fileRef = 0ACC4EA629C6620300B3D6AC /* UIColor + ext.swift */; };
		0ACC4EC829C6620300B3D6AC /* UIView + ext.swift in Sources */ = {isa = PBXBuildFile; fileRef = 0ACC4EA729C6620300B3D6AC /* UIView + ext.swift */; };
		0AD936312AD07D9900FA5022 /* MainView.swift in Sources */ = {isa = PBXBuildFile; fileRef = 0AD936302AD07D9900FA5022 /* MainView.swift */; };
		0AD936332AD0B18E00FA5022 /* TaskInfoView.swift in Sources */ = {isa = PBXBuildFile; fileRef = 0AD936322AD0B18E00FA5022 /* TaskInfoView.swift */; };
		37FEA58FBFE9E29BB0BAF621 /* Pods_timetable.framework in Frameworks */ = {isa = PBXBuildFile; fileRef = 1ABDEC79CC5612E7D4C2BF44 /* Pods_timetable.framework */; };
/* End PBXBuildFile section */

/* Begin PBXContainerItemProxy section */
		0ACC4E5229C660CF00B3D6AC /* PBXContainerItemProxy */ = {
			isa = PBXContainerItemProxy;
			containerPortal = 0ACC4E3329C660CE00B3D6AC /* Project object */;
			proxyType = 1;
			remoteGlobalIDString = 0ACC4E3A29C660CE00B3D6AC;
			remoteInfo = timetable;
		};
		0ACC4E5C29C660CF00B3D6AC /* PBXContainerItemProxy */ = {
			isa = PBXContainerItemProxy;
			containerPortal = 0ACC4E3329C660CE00B3D6AC /* Project object */;
			proxyType = 1;
			remoteGlobalIDString = 0ACC4E3A29C660CE00B3D6AC;
			remoteInfo = timetable;
		};
/* End PBXContainerItemProxy section */

/* Begin PBXFileReference section */
		0A0ECBF92A5F1E5E004BDB61 /* HeaderWithButtonView.swift */ = {isa = PBXFileReference; lastKnownFileType = sourcecode.swift; path = HeaderWithButtonView.swift; sourceTree = "<group>"; };
		0A1A69792A6511C8003FFECB /* DataCacheManager.swift */ = {isa = PBXFileReference; lastKnownFileType = sourcecode.swift; path = DataCacheManager.swift; sourceTree = "<group>"; };
		0A1A69862A65CEF2003FFECB /* TTLabel.swift */ = {isa = PBXFileReference; lastKnownFileType = sourcecode.swift; path = TTLabel.swift; sourceTree = "<group>"; };
		0A223B6E29C893FE00C8EDBF /* CoreDataTimetable.xcdatamodel */ = {isa = PBXFileReference; lastKnownFileType = wrapper.xcdatamodel; path = CoreDataTimetable.xcdatamodel; sourceTree = "<group>"; };
		0A223B7129C8A5BA00C8EDBF /* Tasks+CoreDataProperties.swift */ = {isa = PBXFileReference; lastKnownFileType = sourcecode.swift; path = "Tasks+CoreDataProperties.swift"; sourceTree = "<group>"; };
		0A223B7429C8A5E500C8EDBF /* CoreDataManager.swift */ = {isa = PBXFileReference; lastKnownFileType = sourcecode.swift; path = CoreDataManager.swift; sourceTree = "<group>"; };
		0A58D5D929D4960200EE17EA /* TimeTableModel.swift */ = {isa = PBXFileReference; lastKnownFileType = sourcecode.swift; path = TimeTableModel.swift; sourceTree = "<group>"; };
		0A58D5E429D4CCB900EE17EA /* BaseCell.swift */ = {isa = PBXFileReference; lastKnownFileType = sourcecode.swift; path = BaseCell.swift; sourceTree = "<group>"; };
		0A58D5E629D4CF2D00EE17EA /* InteractiveCell.swift */ = {isa = PBXFileReference; lastKnownFileType = sourcecode.swift; path = InteractiveCell.swift; sourceTree = "<group>"; };
		0A5B8A6229D8DCBC00966EAC /* Profile+CoreDataProperties.swift */ = {isa = PBXFileReference; fileEncoding = 4; lastKnownFileType = sourcecode.swift; path = "Profile+CoreDataProperties.swift"; sourceTree = "<group>"; };
		0A5BC6332A8238A600A809B5 /* ScheduleNavigatorView.swift */ = {isa = PBXFileReference; lastKnownFileType = sourcecode.swift; path = ScheduleNavigatorView.swift; sourceTree = "<group>"; };
		0A71EAB229D6E19600C13723 /* Bundle + ext.swift */ = {isa = PBXFileReference; lastKnownFileType = sourcecode.swift; path = "Bundle + ext.swift"; sourceTree = "<group>"; };
		0A71EAB429D6E1AF00C13723 /* UIImage + ext.swift */ = {isa = PBXFileReference; lastKnownFileType = sourcecode.swift; path = "UIImage + ext.swift"; sourceTree = "<group>"; };
		0A71EAB829D700BC00C13723 /* UIWindow + ext.swift */ = {isa = PBXFileReference; lastKnownFileType = sourcecode.swift; path = "UIWindow + ext.swift"; sourceTree = "<group>"; };
		0A8D33BD2AD0555A005B20EF /* TaskController.swift */ = {isa = PBXFileReference; fileEncoding = 4; lastKnownFileType = sourcecode.swift; path = TaskController.swift; sourceTree = "<group>"; };
		0A8D33BF2AD0555A005B20EF /* ContentView.swift */ = {isa = PBXFileReference; fileEncoding = 4; lastKnownFileType = sourcecode.swift; path = ContentView.swift; sourceTree = "<group>"; };
		0A98A27D2A63C6A800F4947D /* DirectionsController.swift */ = {isa = PBXFileReference; lastKnownFileType = sourcecode.swift; path = DirectionsController.swift; sourceTree = "<group>"; };
		0A98A27F2A63F12600F4947D /* GroupsController.swift */ = {isa = PBXFileReference; lastKnownFileType = sourcecode.swift; path = GroupsController.swift; sourceTree = "<group>"; };
		0A98A2812A64172E00F4947D /* ModelAuth.swift */ = {isa = PBXFileReference; lastKnownFileType = sourcecode.swift; path = ModelAuth.swift; sourceTree = "<group>"; };
		0A98A2842A64519700F4947D /* BackgroundTimetableOverview.swift */ = {isa = PBXFileReference; lastKnownFileType = sourcecode.swift; path = BackgroundTimetableOverview.swift; sourceTree = "<group>"; };
		0A9FA52C2AA77B0A004EF8B6 /* APIManager.swift */ = {isa = PBXFileReference; lastKnownFileType = sourcecode.swift; path = APIManager.swift; sourceTree = "<group>"; };
		0AA4ADBB2AA905A10090E975 /* timetable.entitlements */ = {isa = PBXFileReference; lastKnownFileType = text.plist.entitlements; path = timetable.entitlements; sourceTree = "<group>"; };
		0AA6057F2A8A8D4A008C4A6B /* CacheInfoCell.swift */ = {isa = PBXFileReference; lastKnownFileType = sourcecode.swift; path = CacheInfoCell.swift; sourceTree = "<group>"; };
		0AA605A42A8AC290008C4A6B /* TasksController.swift */ = {isa = PBXFileReference; fileEncoding = 4; lastKnownFileType = sourcecode.swift; path = TasksController.swift; sourceTree = "<group>"; };
		0AA605AA2A8AC290008C4A6B /* TasksCell.swift */ = {isa = PBXFileReference; fileEncoding = 4; lastKnownFileType = sourcecode.swift; path = TasksCell.swift; sourceTree = "<group>"; };
		0AB612E52A66FEF0007E6757 /* FeedbackView.swift */ = {isa = PBXFileReference; lastKnownFileType = sourcecode.swift; path = FeedbackView.swift; sourceTree = "<group>"; };
		0AC485C629E05F63009B9EE5 /* FacultiesController.swift */ = {isa = PBXFileReference; lastKnownFileType = sourcecode.swift; path = FacultiesController.swift; sourceTree = "<group>"; };
		0AC485C829E06884009B9EE5 /* GroupsTitlesController.swift */ = {isa = PBXFileReference; lastKnownFileType = sourcecode.swift; path = GroupsTitlesController.swift; sourceTree = "<group>"; };
		0AC82F712A893EF300E67D4F /* ImageViewCell.swift */ = {isa = PBXFileReference; lastKnownFileType = sourcecode.swift; path = ImageViewCell.swift; sourceTree = "<group>"; };
		0AC82F732A8946C800E67D4F /* ToggleCell.swift */ = {isa = PBXFileReference; lastKnownFileType = sourcecode.swift; path = ToggleCell.swift; sourceTree = "<group>"; };
		0AC82F752A8949C100E67D4F /* Resources + ext String.swift */ = {isa = PBXFileReference; lastKnownFileType = sourcecode.swift; path = "Resources + ext String.swift"; sourceTree = "<group>"; };
		0AC82F772A894A2800E67D4F /* Resources + ext Image.swift */ = {isa = PBXFileReference; lastKnownFileType = sourcecode.swift; path = "Resources + ext Image.swift"; sourceTree = "<group>"; };
		0ACC4E3B29C660CE00B3D6AC /* timetable.app */ = {isa = PBXFileReference; explicitFileType = wrapper.application; includeInIndex = 0; path = timetable.app; sourceTree = BUILT_PRODUCTS_DIR; };
		0ACC4E4729C660CF00B3D6AC /* Assets.xcassets */ = {isa = PBXFileReference; lastKnownFileType = folder.assetcatalog; path = Assets.xcassets; sourceTree = "<group>"; };
		0ACC4E4A29C660CF00B3D6AC /* Base */ = {isa = PBXFileReference; lastKnownFileType = file.storyboard; name = Base; path = Base.lproj/LaunchScreen.storyboard; sourceTree = "<group>"; };
		0ACC4E4C29C660CF00B3D6AC /* Info.plist */ = {isa = PBXFileReference; lastKnownFileType = text.plist.xml; path = Info.plist; sourceTree = "<group>"; };
		0ACC4E5129C660CF00B3D6AC /* timetableTests.xctest */ = {isa = PBXFileReference; explicitFileType = wrapper.cfbundle; includeInIndex = 0; path = timetableTests.xctest; sourceTree = BUILT_PRODUCTS_DIR; };
		0ACC4E5529C660CF00B3D6AC /* timetableTests.swift */ = {isa = PBXFileReference; lastKnownFileType = sourcecode.swift; path = timetableTests.swift; sourceTree = "<group>"; };
		0ACC4E5B29C660CF00B3D6AC /* timetableUITests.xctest */ = {isa = PBXFileReference; explicitFileType = wrapper.cfbundle; includeInIndex = 0; path = timetableUITests.xctest; sourceTree = BUILT_PRODUCTS_DIR; };
		0ACC4E5F29C660CF00B3D6AC /* timetableUITests.swift */ = {isa = PBXFileReference; lastKnownFileType = sourcecode.swift; path = timetableUITests.swift; sourceTree = "<group>"; };
		0ACC4E6129C660CF00B3D6AC /* timetableUITestsLaunchTests.swift */ = {isa = PBXFileReference; lastKnownFileType = sourcecode.swift; path = timetableUITestsLaunchTests.swift; sourceTree = "<group>"; };
		0ACC4E6F29C661AA00B3D6AC /* tasks.md */ = {isa = PBXFileReference; fileEncoding = 4; lastKnownFileType = net.daringfireball.markdown; path = tasks.md; sourceTree = SOURCE_ROOT; };
		0ACC4E7029C661AA00B3D6AC /* README.md */ = {isa = PBXFileReference; fileEncoding = 4; lastKnownFileType = net.daringfireball.markdown; path = README.md; sourceTree = SOURCE_ROOT; };
		0ACC4E7429C6620200B3D6AC /* AppDelegate.swift */ = {isa = PBXFileReference; fileEncoding = 4; lastKnownFileType = sourcecode.swift; path = AppDelegate.swift; sourceTree = "<group>"; };
		0ACC4E7529C6620200B3D6AC /* SceneDelegate.swift */ = {isa = PBXFileReference; fileEncoding = 4; lastKnownFileType = sourcecode.swift; path = SceneDelegate.swift; sourceTree = "<group>"; };
		0ACC4E8229C6620200B3D6AC /* NavigationController.swift */ = {isa = PBXFileReference; fileEncoding = 4; lastKnownFileType = sourcecode.swift; path = NavigationController.swift; sourceTree = "<group>"; };
		0ACC4E8329C6620200B3D6AC /* TabBarController.swift */ = {isa = PBXFileReference; fileEncoding = 4; lastKnownFileType = sourcecode.swift; path = TabBarController.swift; sourceTree = "<group>"; };
		0ACC4E8529C6620200B3D6AC /* ProfileController.swift */ = {isa = PBXFileReference; fileEncoding = 4; lastKnownFileType = sourcecode.swift; path = ProfileController.swift; sourceTree = "<group>"; };
		0ACC4E8829C6620200B3D6AC /* ProfileCell.swift */ = {isa = PBXFileReference; fileEncoding = 4; lastKnownFileType = sourcecode.swift; path = ProfileCell.swift; sourceTree = "<group>"; };
		0ACC4E9129C6620200B3D6AC /* OverviewNavBar.swift */ = {isa = PBXFileReference; fileEncoding = 4; lastKnownFileType = sourcecode.swift; path = OverviewNavBar.swift; sourceTree = "<group>"; };
		0ACC4E9329C6620200B3D6AC /* WeekdayView.swift */ = {isa = PBXFileReference; fileEncoding = 4; lastKnownFileType = sourcecode.swift; path = WeekdayView.swift; sourceTree = "<group>"; };
		0ACC4E9429C6620200B3D6AC /* WeekView.swift */ = {isa = PBXFileReference; fileEncoding = 4; lastKnownFileType = sourcecode.swift; path = WeekView.swift; sourceTree = "<group>"; };
		0ACC4E9729C6620200B3D6AC /* TimetableCell.swift */ = {isa = PBXFileReference; fileEncoding = 4; lastKnownFileType = sourcecode.swift; path = TimetableCell.swift; sourceTree = "<group>"; };
		0ACC4E9829C6620200B3D6AC /* OverviewController.swift */ = {isa = PBXFileReference; fileEncoding = 4; lastKnownFileType = sourcecode.swift; path = OverviewController.swift; sourceTree = "<group>"; };
		0ACC4E9A29C6620200B3D6AC /* TTBaseController.swift */ = {isa = PBXFileReference; fileEncoding = 4; lastKnownFileType = sourcecode.swift; path = TTBaseController.swift; sourceTree = "<group>"; };
		0ACC4E9C29C6620300B3D6AC /* TTBaseView.swift */ = {isa = PBXFileReference; fileEncoding = 4; lastKnownFileType = sourcecode.swift; path = TTBaseView.swift; sourceTree = "<group>"; };
		0ACC4E9E29C6620300B3D6AC /* SectionView.swift */ = {isa = PBXFileReference; fileEncoding = 4; lastKnownFileType = sourcecode.swift; path = SectionView.swift; sourceTree = "<group>"; };
		0ACC4EA029C6620300B3D6AC /* TTButton.swift */ = {isa = PBXFileReference; fileEncoding = 4; lastKnownFileType = sourcecode.swift; path = TTButton.swift; sourceTree = "<group>"; };
		0ACC4EA229C6620300B3D6AC /* Resources.swift */ = {isa = PBXFileReference; fileEncoding = 4; lastKnownFileType = sourcecode.swift; path = Resources.swift; sourceTree = "<group>"; };
		0ACC4EA329C6620300B3D6AC /* UserDefaults + ext.swift */ = {isa = PBXFileReference; fileEncoding = 4; lastKnownFileType = sourcecode.swift; path = "UserDefaults + ext.swift"; sourceTree = "<group>"; };
		0ACC4EA529C6620300B3D6AC /* Date + ext.swift */ = {isa = PBXFileReference; fileEncoding = 4; lastKnownFileType = sourcecode.swift; path = "Date + ext.swift"; sourceTree = "<group>"; };
		0ACC4EA629C6620300B3D6AC /* UIColor + ext.swift */ = {isa = PBXFileReference; fileEncoding = 4; lastKnownFileType = sourcecode.swift; path = "UIColor + ext.swift"; sourceTree = "<group>"; };
		0ACC4EA729C6620300B3D6AC /* UIView + ext.swift */ = {isa = PBXFileReference; fileEncoding = 4; lastKnownFileType = sourcecode.swift; path = "UIView + ext.swift"; sourceTree = "<group>"; };
		0AD936302AD07D9900FA5022 /* MainView.swift */ = {isa = PBXFileReference; lastKnownFileType = sourcecode.swift; path = MainView.swift; sourceTree = "<group>"; };
		0AD936322AD0B18E00FA5022 /* TaskInfoView.swift */ = {isa = PBXFileReference; lastKnownFileType = sourcecode.swift; path = TaskInfoView.swift; sourceTree = "<group>"; };
		1ABDEC79CC5612E7D4C2BF44 /* Pods_timetable.framework */ = {isa = PBXFileReference; explicitFileType = wrapper.framework; includeInIndex = 0; path = Pods_timetable.framework; sourceTree = BUILT_PRODUCTS_DIR; };
		2AB1F17F90B6400C8B936EBE /* Pods-timetable.debug.xcconfig */ = {isa = PBXFileReference; includeInIndex = 1; lastKnownFileType = text.xcconfig; name = "Pods-timetable.debug.xcconfig"; path = "Target Support Files/Pods-timetable/Pods-timetable.debug.xcconfig"; sourceTree = "<group>"; };
		6E58B7D905720E602C4B63CF /* Pods-timetable.release.xcconfig */ = {isa = PBXFileReference; includeInIndex = 1; lastKnownFileType = text.xcconfig; name = "Pods-timetable.release.xcconfig"; path = "Target Support Files/Pods-timetable/Pods-timetable.release.xcconfig"; sourceTree = "<group>"; };
/* End PBXFileReference section */

/* Begin PBXFrameworksBuildPhase section */
		0ACC4E3829C660CE00B3D6AC /* Frameworks */ = {
			isa = PBXFrameworksBuildPhase;
			buildActionMask = 2147483647;
			files = (
				37FEA58FBFE9E29BB0BAF621 /* Pods_timetable.framework in Frameworks */,
			);
			runOnlyForDeploymentPostprocessing = 0;
		};
		0ACC4E4E29C660CF00B3D6AC /* Frameworks */ = {
			isa = PBXFrameworksBuildPhase;
			buildActionMask = 2147483647;
			files = (
			);
			runOnlyForDeploymentPostprocessing = 0;
		};
		0ACC4E5829C660CF00B3D6AC /* Frameworks */ = {
			isa = PBXFrameworksBuildPhase;
			buildActionMask = 2147483647;
			files = (
			);
			runOnlyForDeploymentPostprocessing = 0;
		};
/* End PBXFrameworksBuildPhase section */

/* Begin PBXGroup section */
		045065C9E0B8A19F3FE22654 /* Pods */ = {
			isa = PBXGroup;
			children = (
				2AB1F17F90B6400C8B936EBE /* Pods-timetable.debug.xcconfig */,
				6E58B7D905720E602C4B63CF /* Pods-timetable.release.xcconfig */,
			);
			path = Pods;
			sourceTree = "<group>";
		};
		0A1A69782A6511AA003FFECB /* Storage */ = {
			isa = PBXGroup;
			children = (
				0A223B6C29C8936E00C8EDBF /* CoreData */,
				0ACC4EA329C6620300B3D6AC /* UserDefaults + ext.swift */,
				0A1A69792A6511C8003FFECB /* DataCacheManager.swift */,
			);
			path = Storage;
			sourceTree = "<group>";
		};
		0A223B6C29C8936E00C8EDBF /* CoreData */ = {
			isa = PBXGroup;
			children = (
				0A5B8A6129D8DA6800966EAC /* PhotoProfile */,
				0A5B8A6029D8DA5E00966EAC /* Tasks */,
				0A223B7429C8A5E500C8EDBF /* CoreDataManager.swift */,
				0A223B6D29C893FE00C8EDBF /* CoreDataTimetable.xcdatamodeld */,
			);
			path = CoreData;
			sourceTree = "<group>";
		};
		0A26495029DF03D5003D080A /* UIComponents */ = {
			isa = PBXGroup;
			children = (
				0ACC4EA729C6620300B3D6AC /* UIView + ext.swift */,
				0A71EAB429D6E1AF00C13723 /* UIImage + ext.swift */,
				0ACC4EA629C6620300B3D6AC /* UIColor + ext.swift */,
				0A71EAB829D700BC00C13723 /* UIWindow + ext.swift */,
			);
			path = UIComponents;
			sourceTree = "<group>";
		};
		0A26495129DF03F7003D080A /* Components */ = {
			isa = PBXGroup;
			children = (
				0ACC4EA529C6620300B3D6AC /* Date + ext.swift */,
				0A71EAB229D6E19600C13723 /* Bundle + ext.swift */,
			);
			path = Components;
			sourceTree = "<group>";
		};
		0A26495229DF044D003D080A /* Authorization */ = {
			isa = PBXGroup;
			children = (
				0AC485C629E05F63009B9EE5 /* FacultiesController.swift */,
				0A98A27D2A63C6A800F4947D /* DirectionsController.swift */,
				0AC485C829E06884009B9EE5 /* GroupsTitlesController.swift */,
				0A98A27F2A63F12600F4947D /* GroupsController.swift */,
				0AE2F91E2A6BF88800A22738 /* Model */,
			);
			path = Authorization;
			sourceTree = "<group>";
		};
		0A58D5D829D495F400EE17EA /* Model */ = {
			isa = PBXGroup;
			children = (
				0A58D5D929D4960200EE17EA /* TimeTableModel.swift */,
			);
			path = Model;
			sourceTree = "<group>";
		};
		0A58D5E829D4DD4800EE17EA /* Networking */ = {
			isa = PBXGroup;
			children = (
				0A9FA52C2AA77B0A004EF8B6 /* APIManager.swift */,
			);
			path = Networking;
			sourceTree = "<group>";
		};
		0A5B8A6029D8DA5E00966EAC /* Tasks */ = {
			isa = PBXGroup;
			children = (
				0A223B7129C8A5BA00C8EDBF /* Tasks+CoreDataProperties.swift */,
			);
			path = Tasks;
			sourceTree = "<group>";
		};
		0A5B8A6129D8DA6800966EAC /* PhotoProfile */ = {
			isa = PBXGroup;
			children = (
				0A5B8A6229D8DCBC00966EAC /* Profile+CoreDataProperties.swift */,
			);
			path = PhotoProfile;
			sourceTree = "<group>";
		};
		0A8D33B72AD0555A005B20EF /* Task */ = {
			isa = PBXGroup;
			children = (
				0A8D33BE2AD0555A005B20EF /* Views */,
				0A8D33BD2AD0555A005B20EF /* TaskController.swift */,
			);
			path = Task;
			sourceTree = "<group>";
		};
		0A8D33BE2AD0555A005B20EF /* Views */ = {
			isa = PBXGroup;
			children = (
				0A8D33BF2AD0555A005B20EF /* ContentView.swift */,
				0AD936322AD0B18E00FA5022 /* TaskInfoView.swift */,
				0AD936302AD07D9900FA5022 /* MainView.swift */,
			);
			path = Views;
			sourceTree = "<group>";
		};
		0A98A2832A64515B00F4947D /* Interface */ = {
			isa = PBXGroup;
			children = (
				0A98A2842A64519700F4947D /* BackgroundTimetableOverview.swift */,
			);
			path = Interface;
			sourceTree = "<group>";
		};
		0AA605A32A8AC290008C4A6B /* Tasks */ = {
			isa = PBXGroup;
			children = (
				0AA605A92A8AC290008C4A6B /* CollectionView */,
				0A8D33B72AD0555A005B20EF /* Task */,
				0AA605A42A8AC290008C4A6B /* TasksController.swift */,
			);
			path = Tasks;
			sourceTree = "<group>";
		};
		0AA605A92A8AC290008C4A6B /* CollectionView */ = {
			isa = PBXGroup;
			children = (
				0AA605AA2A8AC290008C4A6B /* TasksCell.swift */,
			);
			path = CollectionView;
			sourceTree = "<group>";
		};
		0AC82F792A894A6700E67D4F /* Resources */ = {
			isa = PBXGroup;
			children = (
				0ACC4EA229C6620300B3D6AC /* Resources.swift */,
				0AC82F752A8949C100E67D4F /* Resources + ext String.swift */,
				0AC82F772A894A2800E67D4F /* Resources + ext Image.swift */,
			);
			path = Resources;
			sourceTree = "<group>";
		};
		0ACC4E3229C660CE00B3D6AC = {
			isa = PBXGroup;
			children = (
				0ACC4E3D29C660CE00B3D6AC /* timetable */,
				0ACC4E5429C660CF00B3D6AC /* timetableTests */,
				0ACC4E5E29C660CF00B3D6AC /* timetableUITests */,
				0ACC4E3C29C660CE00B3D6AC /* Products */,
				045065C9E0B8A19F3FE22654 /* Pods */,
				6B6510A76BDA03997E614F99 /* Frameworks */,
			);
			sourceTree = "<group>";
		};
		0ACC4E3C29C660CE00B3D6AC /* Products */ = {
			isa = PBXGroup;
			children = (
				0ACC4E3B29C660CE00B3D6AC /* timetable.app */,
				0ACC4E5129C660CF00B3D6AC /* timetableTests.xctest */,
				0ACC4E5B29C660CF00B3D6AC /* timetableUITests.xctest */,
			);
			name = Products;
			sourceTree = "<group>";
		};
		0ACC4E3D29C660CE00B3D6AC /* timetable */ = {
			isa = PBXGroup;
			children = (
				0ACC4E7029C661AA00B3D6AC /* README.md */,
				0ACC4E6F29C661AA00B3D6AC /* tasks.md */,
				0ACC4EA129C6620300B3D6AC /* Helpers */,
				0ACC4E7329C6620200B3D6AC /* Application */,
				0ACC4E7629C6620200B3D6AC /* Controllers */,
				0ACC4E6E29C6610000B3D6AC /* SupportingFiles */,
			);
			path = timetable;
			sourceTree = "<group>";
		};
		0ACC4E5429C660CF00B3D6AC /* timetableTests */ = {
			isa = PBXGroup;
			children = (
				0ACC4E5529C660CF00B3D6AC /* timetableTests.swift */,
			);
			path = timetableTests;
			sourceTree = "<group>";
		};
		0ACC4E5E29C660CF00B3D6AC /* timetableUITests */ = {
			isa = PBXGroup;
			children = (
				0ACC4E5F29C660CF00B3D6AC /* timetableUITests.swift */,
				0ACC4E6129C660CF00B3D6AC /* timetableUITestsLaunchTests.swift */,
			);
			path = timetableUITests;
			sourceTree = "<group>";
		};
		0ACC4E6E29C6610000B3D6AC /* SupportingFiles */ = {
			isa = PBXGroup;
			children = (
				0AA4ADBB2AA905A10090E975 /* timetable.entitlements */,
				0ACC4E4729C660CF00B3D6AC /* Assets.xcassets */,
				0ACC4E4929C660CF00B3D6AC /* LaunchScreen.storyboard */,
				0ACC4E4C29C660CF00B3D6AC /* Info.plist */,
			);
			path = SupportingFiles;
			sourceTree = "<group>";
		};
		0ACC4E7329C6620200B3D6AC /* Application */ = {
			isa = PBXGroup;
			children = (
				0ACC4E7429C6620200B3D6AC /* AppDelegate.swift */,
				0ACC4E7529C6620200B3D6AC /* SceneDelegate.swift */,
			);
			path = Application;
			sourceTree = "<group>";
		};
		0ACC4E7629C6620200B3D6AC /* Controllers */ = {
			isa = PBXGroup;
			children = (
				0A26495229DF044D003D080A /* Authorization */,
				0ACC4E8129C6620200B3D6AC /* Navigation */,
				0ACC4E8E29C6620200B3D6AC /* Overview */,
				0AA605A32A8AC290008C4A6B /* Tasks */,
				0ACC4E8429C6620200B3D6AC /* Profile */,
				0ACC4E9929C6620200B3D6AC /* Base */,
			);
			path = Controllers;
			sourceTree = "<group>";
		};
		0ACC4E8129C6620200B3D6AC /* Navigation */ = {
			isa = PBXGroup;
			children = (
				0ACC4E8229C6620200B3D6AC /* NavigationController.swift */,
				0ACC4E8329C6620200B3D6AC /* TabBarController.swift */,
			);
			path = Navigation;
			sourceTree = "<group>";
		};
		0ACC4E8429C6620200B3D6AC /* Profile */ = {
			isa = PBXGroup;
			children = (
				0ACC4E8629C6620200B3D6AC /* Views */,
				0ACC4E8529C6620200B3D6AC /* ProfileController.swift */,
			);
			path = Profile;
			sourceTree = "<group>";
		};
		0ACC4E8629C6620200B3D6AC /* Views */ = {
			isa = PBXGroup;
			children = (
				0ACC4E8729C6620200B3D6AC /* CollectionView */,
			);
			path = Views;
			sourceTree = "<group>";
		};
		0ACC4E8729C6620200B3D6AC /* CollectionView */ = {
			isa = PBXGroup;
			children = (
				0ACC4E8829C6620200B3D6AC /* ProfileCell.swift */,
				0A58D5E629D4CF2D00EE17EA /* InteractiveCell.swift */,
				0AC82F732A8946C800E67D4F /* ToggleCell.swift */,
				0AA6057F2A8A8D4A008C4A6B /* CacheInfoCell.swift */,
			);
			path = CollectionView;
			sourceTree = "<group>";
		};
		0ACC4E8E29C6620200B3D6AC /* Overview */ = {
			isa = PBXGroup;
			children = (
				0A98A2832A64515B00F4947D /* Interface */,
				0A58D5D829D495F400EE17EA /* Model */,
				0ACC4E8F29C6620200B3D6AC /* Views */,
				0ACC4E9829C6620200B3D6AC /* OverviewController.swift */,
			);
			path = Overview;
			sourceTree = "<group>";
		};
		0ACC4E8F29C6620200B3D6AC /* Views */ = {
			isa = PBXGroup;
			children = (
				0ACC4E9029C6620200B3D6AC /* NavBar */,
				0ACC4E9529C6620200B3D6AC /* CollectionView */,
			);
			path = Views;
			sourceTree = "<group>";
		};
		0ACC4E9029C6620200B3D6AC /* NavBar */ = {
			isa = PBXGroup;
			children = (
				0ACC4E9229C6620200B3D6AC /* WeekView */,
				0A5BC6332A8238A600A809B5 /* ScheduleNavigatorView.swift */,
				0ACC4E9129C6620200B3D6AC /* OverviewNavBar.swift */,
			);
			path = NavBar;
			sourceTree = "<group>";
		};
		0ACC4E9229C6620200B3D6AC /* WeekView */ = {
			isa = PBXGroup;
			children = (
				0ACC4E9329C6620200B3D6AC /* WeekdayView.swift */,
				0ACC4E9429C6620200B3D6AC /* WeekView.swift */,
			);
			path = WeekView;
			sourceTree = "<group>";
		};
		0ACC4E9529C6620200B3D6AC /* CollectionView */ = {
			isa = PBXGroup;
			children = (
				0ACC4E9729C6620200B3D6AC /* TimetableCell.swift */,
				0AC82F712A893EF300E67D4F /* ImageViewCell.swift */,
			);
			path = CollectionView;
			sourceTree = "<group>";
		};
		0ACC4E9929C6620200B3D6AC /* Base */ = {
			isa = PBXGroup;
			children = (
				0ACC4E9B29C6620300B3D6AC /* Views */,
				0ACC4E9D29C6620300B3D6AC /* CollectionView */,
				0ACC4E9A29C6620200B3D6AC /* TTBaseController.swift */,
			);
			path = Base;
			sourceTree = "<group>";
		};
		0ACC4E9B29C6620300B3D6AC /* Views */ = {
			isa = PBXGroup;
			children = (
				0ACC4E9C29C6620300B3D6AC /* TTBaseView.swift */,
				0ACC4EA029C6620300B3D6AC /* TTButton.swift */,
				0A1A69862A65CEF2003FFECB /* TTLabel.swift */,
				0AB612E52A66FEF0007E6757 /* FeedbackView.swift */,
			);
			path = Views;
			sourceTree = "<group>";
		};
		0ACC4E9D29C6620300B3D6AC /* CollectionView */ = {
			isa = PBXGroup;
			children = (
				0A0ECBF92A5F1E5E004BDB61 /* HeaderWithButtonView.swift */,
				0ACC4E9E29C6620300B3D6AC /* SectionView.swift */,
				0A58D5E429D4CCB900EE17EA /* BaseCell.swift */,
			);
			path = CollectionView;
			sourceTree = "<group>";
		};
		0ACC4EA129C6620300B3D6AC /* Helpers */ = {
			isa = PBXGroup;
			children = (
				0A1A69782A6511AA003FFECB /* Storage */,
				0A58D5E829D4DD4800EE17EA /* Networking */,
				0ACC4EA429C6620300B3D6AC /* Extensions */,
				0AC82F792A894A6700E67D4F /* Resources */,
			);
			path = Helpers;
			sourceTree = "<group>";
		};
		0ACC4EA429C6620300B3D6AC /* Extensions */ = {
			isa = PBXGroup;
			children = (
				0A26495129DF03F7003D080A /* Components */,
				0A26495029DF03D5003D080A /* UIComponents */,
			);
			path = Extensions;
			sourceTree = "<group>";
		};
		0AE2F91E2A6BF88800A22738 /* Model */ = {
			isa = PBXGroup;
			children = (
				0A98A2812A64172E00F4947D /* ModelAuth.swift */,
			);
			path = Model;
			sourceTree = "<group>";
		};
		6B6510A76BDA03997E614F99 /* Frameworks */ = {
			isa = PBXGroup;
			children = (
				1ABDEC79CC5612E7D4C2BF44 /* Pods_timetable.framework */,
			);
			name = Frameworks;
			sourceTree = "<group>";
		};
/* End PBXGroup section */

/* Begin PBXNativeTarget section */
		0ACC4E3A29C660CE00B3D6AC /* timetable */ = {
			isa = PBXNativeTarget;
			buildConfigurationList = 0ACC4E6529C660CF00B3D6AC /* Build configuration list for PBXNativeTarget "timetable" */;
			buildPhases = (
				8CB2798C1F5375E9818F31C2 /* [CP] Check Pods Manifest.lock */,
				0A58D5D629D4906B00EE17EA /* SwiftLint Run Script */,
				0ACC4E3729C660CE00B3D6AC /* Sources */,
				0ACC4E3829C660CE00B3D6AC /* Frameworks */,
				0ACC4E3929C660CE00B3D6AC /* Resources */,
				55210E5550AE16D96700268C /* [CP] Embed Pods Frameworks */,
			);
			buildRules = (
			);
			dependencies = (
			);
			name = timetable;
			productName = timetable;
			productReference = 0ACC4E3B29C660CE00B3D6AC /* timetable.app */;
			productType = "com.apple.product-type.application";
		};
		0ACC4E5029C660CF00B3D6AC /* timetableTests */ = {
			isa = PBXNativeTarget;
			buildConfigurationList = 0ACC4E6829C660CF00B3D6AC /* Build configuration list for PBXNativeTarget "timetableTests" */;
			buildPhases = (
				0ACC4E4D29C660CF00B3D6AC /* Sources */,
				0ACC4E4E29C660CF00B3D6AC /* Frameworks */,
				0ACC4E4F29C660CF00B3D6AC /* Resources */,
			);
			buildRules = (
			);
			dependencies = (
				0ACC4E5329C660CF00B3D6AC /* PBXTargetDependency */,
			);
			name = timetableTests;
			productName = timetableTests;
			productReference = 0ACC4E5129C660CF00B3D6AC /* timetableTests.xctest */;
			productType = "com.apple.product-type.bundle.unit-test";
		};
		0ACC4E5A29C660CF00B3D6AC /* timetableUITests */ = {
			isa = PBXNativeTarget;
			buildConfigurationList = 0ACC4E6B29C660CF00B3D6AC /* Build configuration list for PBXNativeTarget "timetableUITests" */;
			buildPhases = (
				0ACC4E5729C660CF00B3D6AC /* Sources */,
				0ACC4E5829C660CF00B3D6AC /* Frameworks */,
				0ACC4E5929C660CF00B3D6AC /* Resources */,
			);
			buildRules = (
			);
			dependencies = (
				0ACC4E5D29C660CF00B3D6AC /* PBXTargetDependency */,
			);
			name = timetableUITests;
			productName = timetableUITests;
			productReference = 0ACC4E5B29C660CF00B3D6AC /* timetableUITests.xctest */;
			productType = "com.apple.product-type.bundle.ui-testing";
		};
/* End PBXNativeTarget section */

/* Begin PBXProject section */
		0ACC4E3329C660CE00B3D6AC /* Project object */ = {
			isa = PBXProject;
			attributes = {
				BuildIndependentTargetsInParallel = 1;
				LastSwiftUpdateCheck = 1420;
				LastUpgradeCheck = 1500;
				TargetAttributes = {
					0ACC4E3A29C660CE00B3D6AC = {
						CreatedOnToolsVersion = 14.2;
					};
					0ACC4E5029C660CF00B3D6AC = {
						CreatedOnToolsVersion = 14.2;
						TestTargetID = 0ACC4E3A29C660CE00B3D6AC;
					};
					0ACC4E5A29C660CF00B3D6AC = {
						CreatedOnToolsVersion = 14.2;
						TestTargetID = 0ACC4E3A29C660CE00B3D6AC;
					};
				};
			};
			buildConfigurationList = 0ACC4E3629C660CE00B3D6AC /* Build configuration list for PBXProject "timetable" */;
			compatibilityVersion = "Xcode 14.0";
			developmentRegion = en;
			hasScannedForEncodings = 0;
			knownRegions = (
				en,
				Base,
			);
			mainGroup = 0ACC4E3229C660CE00B3D6AC;
			productRefGroup = 0ACC4E3C29C660CE00B3D6AC /* Products */;
			projectDirPath = "";
			projectRoot = "";
			targets = (
				0ACC4E3A29C660CE00B3D6AC /* timetable */,
				0ACC4E5029C660CF00B3D6AC /* timetableTests */,
				0ACC4E5A29C660CF00B3D6AC /* timetableUITests */,
			);
		};
/* End PBXProject section */

/* Begin PBXResourcesBuildPhase section */
		0ACC4E3929C660CE00B3D6AC /* Resources */ = {
			isa = PBXResourcesBuildPhase;
			buildActionMask = 2147483647;
			files = (
				0ACC4E4B29C660CF00B3D6AC /* LaunchScreen.storyboard in Resources */,
				0ACC4E7129C661AA00B3D6AC /* tasks.md in Resources */,
				0ACC4E7229C661AA00B3D6AC /* README.md in Resources */,
				0ACC4E4829C660CF00B3D6AC /* Assets.xcassets in Resources */,
			);
			runOnlyForDeploymentPostprocessing = 0;
		};
		0ACC4E4F29C660CF00B3D6AC /* Resources */ = {
			isa = PBXResourcesBuildPhase;
			buildActionMask = 2147483647;
			files = (
			);
			runOnlyForDeploymentPostprocessing = 0;
		};
		0ACC4E5929C660CF00B3D6AC /* Resources */ = {
			isa = PBXResourcesBuildPhase;
			buildActionMask = 2147483647;
			files = (
			);
			runOnlyForDeploymentPostprocessing = 0;
		};
/* End PBXResourcesBuildPhase section */

/* Begin PBXShellScriptBuildPhase section */
		0A58D5D629D4906B00EE17EA /* SwiftLint Run Script */ = {
			isa = PBXShellScriptBuildPhase;
			buildActionMask = 8;
			files = (
			);
			inputFileListPaths = (
			);
			inputPaths = (
			);
			name = "SwiftLint Run Script";
			outputFileListPaths = (
			);
			outputPaths = (
			);
			runOnlyForDeploymentPostprocessing = 1;
			shellPath = /bin/sh;
			shellScript = "\"${PODS_ROOT}/SwiftLint/swiftlint\"\n";
		};
		55210E5550AE16D96700268C /* [CP] Embed Pods Frameworks */ = {
			isa = PBXShellScriptBuildPhase;
			buildActionMask = 2147483647;
			files = (
			);
			inputFileListPaths = (
				"${PODS_ROOT}/Target Support Files/Pods-timetable/Pods-timetable-frameworks-${CONFIGURATION}-input-files.xcfilelist",
			);
			name = "[CP] Embed Pods Frameworks";
			outputFileListPaths = (
				"${PODS_ROOT}/Target Support Files/Pods-timetable/Pods-timetable-frameworks-${CONFIGURATION}-output-files.xcfilelist",
			);
			runOnlyForDeploymentPostprocessing = 0;
			shellPath = /bin/sh;
			shellScript = "\"${PODS_ROOT}/Target Support Files/Pods-timetable/Pods-timetable-frameworks.sh\"\n";
			showEnvVarsInLog = 0;
		};
		8CB2798C1F5375E9818F31C2 /* [CP] Check Pods Manifest.lock */ = {
			isa = PBXShellScriptBuildPhase;
			buildActionMask = 2147483647;
			files = (
			);
			inputFileListPaths = (
			);
			inputPaths = (
				"${PODS_PODFILE_DIR_PATH}/Podfile.lock",
				"${PODS_ROOT}/Manifest.lock",
			);
			name = "[CP] Check Pods Manifest.lock";
			outputFileListPaths = (
			);
			outputPaths = (
				"$(DERIVED_FILE_DIR)/Pods-timetable-checkManifestLockResult.txt",
			);
			runOnlyForDeploymentPostprocessing = 0;
			shellPath = /bin/sh;
			shellScript = "diff \"${PODS_PODFILE_DIR_PATH}/Podfile.lock\" \"${PODS_ROOT}/Manifest.lock\" > /dev/null\nif [ $? != 0 ] ; then\n    # print error to STDERR\n    echo \"error: The sandbox is not in sync with the Podfile.lock. Run 'pod install' or update your CocoaPods installation.\" >&2\n    exit 1\nfi\n# This output is used by Xcode 'outputs' to avoid re-running this script phase.\necho \"SUCCESS\" > \"${SCRIPT_OUTPUT_FILE_0}\"\n";
			showEnvVarsInLog = 0;
		};
/* End PBXShellScriptBuildPhase section */

/* Begin PBXSourcesBuildPhase section */
		0ACC4E3729C660CE00B3D6AC /* Sources */ = {
			isa = PBXSourcesBuildPhase;
			buildActionMask = 2147483647;
			files = (
				0ACC4EB629C6620300B3D6AC /* ProfileCell.swift in Sources */,
				0A1A69872A65CEF2003FFECB /* TTLabel.swift in Sources */,
				0A58D5E729D4CF2D00EE17EA /* InteractiveCell.swift in Sources */,
				0AC485C929E06884009B9EE5 /* GroupsTitlesController.swift in Sources */,
				0A58D5E529D4CCB900EE17EA /* BaseCell.swift in Sources */,
				0ACC4EBA29C6620300B3D6AC /* OverviewNavBar.swift in Sources */,
				0A71EAB329D6E19600C13723 /* Bundle + ext.swift in Sources */,
				0AC485C729E05F63009B9EE5 /* FacultiesController.swift in Sources */,
				0ACC4EC729C6620300B3D6AC /* UIColor + ext.swift in Sources */,
				0A5BC6342A8238A600A809B5 /* ScheduleNavigatorView.swift in Sources */,
				0ACC4EC429C6620300B3D6AC /* Resources.swift in Sources */,
				0ACC4EAE29C6620300B3D6AC /* SceneDelegate.swift in Sources */,
				0AC82F742A8946C800E67D4F /* ToggleCell.swift in Sources */,
				0A98A2822A64172E00F4947D /* ModelAuth.swift in Sources */,
				0AC82F782A894A2800E67D4F /* Resources + ext Image.swift in Sources */,
				0AA605AB2A8AC290008C4A6B /* TasksController.swift in Sources */,
				0AD936332AD0B18E00FA5022 /* TaskInfoView.swift in Sources */,
				0A9FA52D2AA77B0A004EF8B6 /* APIManager.swift in Sources */,
				0A98A27E2A63C6A800F4947D /* DirectionsController.swift in Sources */,
				0AC82F762A8949C100E67D4F /* Resources + ext String.swift in Sources */,
				0ACC4EB429C6620300B3D6AC /* TabBarController.swift in Sources */,
				0A8D33C32AD0555A005B20EF /* ContentView.swift in Sources */,
				0ACC4EBC29C6620300B3D6AC /* WeekView.swift in Sources */,
				0AD936312AD07D9900FA5022 /* MainView.swift in Sources */,
				0ACC4EC029C6620300B3D6AC /* TTBaseView.swift in Sources */,
				0ACC4EAD29C6620300B3D6AC /* AppDelegate.swift in Sources */,
				0ACC4EC529C6620300B3D6AC /* UserDefaults + ext.swift in Sources */,
				0A8D33C22AD0555A005B20EF /* TaskController.swift in Sources */,
				0A223B7529C8A5E500C8EDBF /* CoreDataManager.swift in Sources */,
				0AA605802A8A8D4A008C4A6B /* CacheInfoCell.swift in Sources */,
				0A71EAB529D6E1AF00C13723 /* UIImage + ext.swift in Sources */,
				0A98A2802A63F12600F4947D /* GroupsController.swift in Sources */,
				0ACC4EC329C6620300B3D6AC /* TTButton.swift in Sources */,
				0AC82F722A893EF300E67D4F /* ImageViewCell.swift in Sources */,
				0A5B8A6429D8DCBC00966EAC /* Profile+CoreDataProperties.swift in Sources */,
				0A0ECBFA2A5F1E5E004BDB61 /* HeaderWithButtonView.swift in Sources */,
				0A223B6F29C893FE00C8EDBF /* CoreDataTimetable.xcdatamodeld in Sources */,
				0A1A697A2A6511C8003FFECB /* DataCacheManager.swift in Sources */,
				0ACC4EBF29C6620300B3D6AC /* TTBaseController.swift in Sources */,
				0A71EAB929D700BC00C13723 /* UIWindow + ext.swift in Sources */,
				0ACC4EBD29C6620300B3D6AC /* TimetableCell.swift in Sources */,
				0ACC4EB329C6620300B3D6AC /* NavigationController.swift in Sources */,
				0A58D5DA29D4960200EE17EA /* TimeTableModel.swift in Sources */,
				0A223B7329C8A5BA00C8EDBF /* Tasks+CoreDataProperties.swift in Sources */,
				0ACC4EC829C6620300B3D6AC /* UIView + ext.swift in Sources */,
				0ACC4EC129C6620300B3D6AC /* SectionView.swift in Sources */,
				0ACC4EBB29C6620300B3D6AC /* WeekdayView.swift in Sources */,
				0AA605AF2A8AC290008C4A6B /* TasksCell.swift in Sources */,
				0ACC4EBE29C6620300B3D6AC /* OverviewController.swift in Sources */,
				0ACC4EC629C6620300B3D6AC /* Date + ext.swift in Sources */,
				0A98A2852A64519700F4947D /* BackgroundTimetableOverview.swift in Sources */,
				0ACC4EB529C6620300B3D6AC /* ProfileController.swift in Sources */,
				0AB612E62A66FEF0007E6757 /* FeedbackView.swift in Sources */,
			);
			runOnlyForDeploymentPostprocessing = 0;
		};
		0ACC4E4D29C660CF00B3D6AC /* Sources */ = {
			isa = PBXSourcesBuildPhase;
			buildActionMask = 2147483647;
			files = (
				0ACC4E5629C660CF00B3D6AC /* timetableTests.swift in Sources */,
			);
			runOnlyForDeploymentPostprocessing = 0;
		};
		0ACC4E5729C660CF00B3D6AC /* Sources */ = {
			isa = PBXSourcesBuildPhase;
			buildActionMask = 2147483647;
			files = (
				0ACC4E6229C660CF00B3D6AC /* timetableUITestsLaunchTests.swift in Sources */,
				0ACC4E6029C660CF00B3D6AC /* timetableUITests.swift in Sources */,
			);
			runOnlyForDeploymentPostprocessing = 0;
		};
/* End PBXSourcesBuildPhase section */

/* Begin PBXTargetDependency section */
		0ACC4E5329C660CF00B3D6AC /* PBXTargetDependency */ = {
			isa = PBXTargetDependency;
			target = 0ACC4E3A29C660CE00B3D6AC /* timetable */;
			targetProxy = 0ACC4E5229C660CF00B3D6AC /* PBXContainerItemProxy */;
		};
		0ACC4E5D29C660CF00B3D6AC /* PBXTargetDependency */ = {
			isa = PBXTargetDependency;
			target = 0ACC4E3A29C660CE00B3D6AC /* timetable */;
			targetProxy = 0ACC4E5C29C660CF00B3D6AC /* PBXContainerItemProxy */;
		};
/* End PBXTargetDependency section */

/* Begin PBXVariantGroup section */
		0ACC4E4929C660CF00B3D6AC /* LaunchScreen.storyboard */ = {
			isa = PBXVariantGroup;
			children = (
				0ACC4E4A29C660CF00B3D6AC /* Base */,
			);
			name = LaunchScreen.storyboard;
			sourceTree = "<group>";
		};
/* End PBXVariantGroup section */

/* Begin XCBuildConfiguration section */
		0ACC4E6329C660CF00B3D6AC /* Debug */ = {
			isa = XCBuildConfiguration;
			buildSettings = {
				ALWAYS_SEARCH_USER_PATHS = NO;
				ASSETCATALOG_COMPILER_GENERATE_SWIFT_ASSET_SYMBOL_EXTENSIONS = YES;
				CLANG_ANALYZER_NONNULL = YES;
				CLANG_ANALYZER_NUMBER_OBJECT_CONVERSION = YES_AGGRESSIVE;
				CLANG_CXX_LANGUAGE_STANDARD = "gnu++20";
				CLANG_ENABLE_MODULES = YES;
				CLANG_ENABLE_OBJC_ARC = YES;
				CLANG_ENABLE_OBJC_WEAK = YES;
				CLANG_WARN_BLOCK_CAPTURE_AUTORELEASING = YES;
				CLANG_WARN_BOOL_CONVERSION = YES;
				CLANG_WARN_COMMA = YES;
				CLANG_WARN_CONSTANT_CONVERSION = YES;
				CLANG_WARN_DEPRECATED_OBJC_IMPLEMENTATIONS = YES;
				CLANG_WARN_DIRECT_OBJC_ISA_USAGE = YES_ERROR;
				CLANG_WARN_DOCUMENTATION_COMMENTS = YES;
				CLANG_WARN_EMPTY_BODY = YES;
				CLANG_WARN_ENUM_CONVERSION = YES;
				CLANG_WARN_INFINITE_RECURSION = YES;
				CLANG_WARN_INT_CONVERSION = YES;
				CLANG_WARN_NON_LITERAL_NULL_CONVERSION = YES;
				CLANG_WARN_OBJC_IMPLICIT_RETAIN_SELF = YES;
				CLANG_WARN_OBJC_LITERAL_CONVERSION = YES;
				CLANG_WARN_OBJC_ROOT_CLASS = YES_ERROR;
				CLANG_WARN_QUOTED_INCLUDE_IN_FRAMEWORK_HEADER = YES;
				CLANG_WARN_RANGE_LOOP_ANALYSIS = YES;
				CLANG_WARN_STRICT_PROTOTYPES = YES;
				CLANG_WARN_SUSPICIOUS_MOVE = YES;
				CLANG_WARN_UNGUARDED_AVAILABILITY = YES_AGGRESSIVE;
				CLANG_WARN_UNREACHABLE_CODE = YES;
				CLANG_WARN__DUPLICATE_METHOD_MATCH = YES;
				COPY_PHASE_STRIP = NO;
				DEBUG_INFORMATION_FORMAT = dwarf;
				ENABLE_STRICT_OBJC_MSGSEND = YES;
				ENABLE_TESTABILITY = YES;
				ENABLE_USER_SCRIPT_SANDBOXING = NO;
				GCC_C_LANGUAGE_STANDARD = gnu11;
				GCC_DYNAMIC_NO_PIC = NO;
				GCC_NO_COMMON_BLOCKS = YES;
				GCC_OPTIMIZATION_LEVEL = 0;
				GCC_PREPROCESSOR_DEFINITIONS = (
					"DEBUG=1",
					"$(inherited)",
				);
				GCC_WARN_64_TO_32_BIT_CONVERSION = YES;
				GCC_WARN_ABOUT_RETURN_TYPE = YES_ERROR;
				GCC_WARN_UNDECLARED_SELECTOR = YES;
				GCC_WARN_UNINITIALIZED_AUTOS = YES_AGGRESSIVE;
				GCC_WARN_UNUSED_FUNCTION = YES;
				GCC_WARN_UNUSED_VARIABLE = YES;
				IPHONEOS_DEPLOYMENT_TARGET = 16.0;
				MTL_ENABLE_DEBUG_INFO = INCLUDE_SOURCE;
				MTL_FAST_MATH = YES;
				ONLY_ACTIVE_ARCH = YES;
				SDKROOT = iphoneos;
				SWIFT_ACTIVE_COMPILATION_CONDITIONS = DEBUG;
				SWIFT_OPTIMIZATION_LEVEL = "-Onone";
			};
			name = Debug;
		};
		0ACC4E6429C660CF00B3D6AC /* Release */ = {
			isa = XCBuildConfiguration;
			buildSettings = {
				ALWAYS_SEARCH_USER_PATHS = NO;
				ASSETCATALOG_COMPILER_GENERATE_SWIFT_ASSET_SYMBOL_EXTENSIONS = YES;
				CLANG_ANALYZER_NONNULL = YES;
				CLANG_ANALYZER_NUMBER_OBJECT_CONVERSION = YES_AGGRESSIVE;
				CLANG_CXX_LANGUAGE_STANDARD = "gnu++20";
				CLANG_ENABLE_MODULES = YES;
				CLANG_ENABLE_OBJC_ARC = YES;
				CLANG_ENABLE_OBJC_WEAK = YES;
				CLANG_WARN_BLOCK_CAPTURE_AUTORELEASING = YES;
				CLANG_WARN_BOOL_CONVERSION = YES;
				CLANG_WARN_COMMA = YES;
				CLANG_WARN_CONSTANT_CONVERSION = YES;
				CLANG_WARN_DEPRECATED_OBJC_IMPLEMENTATIONS = YES;
				CLANG_WARN_DIRECT_OBJC_ISA_USAGE = YES_ERROR;
				CLANG_WARN_DOCUMENTATION_COMMENTS = YES;
				CLANG_WARN_EMPTY_BODY = YES;
				CLANG_WARN_ENUM_CONVERSION = YES;
				CLANG_WARN_INFINITE_RECURSION = YES;
				CLANG_WARN_INT_CONVERSION = YES;
				CLANG_WARN_NON_LITERAL_NULL_CONVERSION = YES;
				CLANG_WARN_OBJC_IMPLICIT_RETAIN_SELF = YES;
				CLANG_WARN_OBJC_LITERAL_CONVERSION = YES;
				CLANG_WARN_OBJC_ROOT_CLASS = YES_ERROR;
				CLANG_WARN_QUOTED_INCLUDE_IN_FRAMEWORK_HEADER = YES;
				CLANG_WARN_RANGE_LOOP_ANALYSIS = YES;
				CLANG_WARN_STRICT_PROTOTYPES = YES;
				CLANG_WARN_SUSPICIOUS_MOVE = YES;
				CLANG_WARN_UNGUARDED_AVAILABILITY = YES_AGGRESSIVE;
				CLANG_WARN_UNREACHABLE_CODE = YES;
				CLANG_WARN__DUPLICATE_METHOD_MATCH = YES;
				COPY_PHASE_STRIP = NO;
				DEBUG_INFORMATION_FORMAT = "dwarf-with-dsym";
				ENABLE_NS_ASSERTIONS = NO;
				ENABLE_STRICT_OBJC_MSGSEND = YES;
				ENABLE_USER_SCRIPT_SANDBOXING = NO;
				GCC_C_LANGUAGE_STANDARD = gnu11;
				GCC_NO_COMMON_BLOCKS = YES;
				GCC_WARN_64_TO_32_BIT_CONVERSION = YES;
				GCC_WARN_ABOUT_RETURN_TYPE = YES_ERROR;
				GCC_WARN_UNDECLARED_SELECTOR = YES;
				GCC_WARN_UNINITIALIZED_AUTOS = YES_AGGRESSIVE;
				GCC_WARN_UNUSED_FUNCTION = YES;
				GCC_WARN_UNUSED_VARIABLE = YES;
				IPHONEOS_DEPLOYMENT_TARGET = 16.0;
				MTL_ENABLE_DEBUG_INFO = NO;
				MTL_FAST_MATH = YES;
				SDKROOT = iphoneos;
				SWIFT_COMPILATION_MODE = wholemodule;
				SWIFT_OPTIMIZATION_LEVEL = "-O";
				VALIDATE_PRODUCT = YES;
			};
			name = Release;
		};
		0ACC4E6629C660CF00B3D6AC /* Debug */ = {
			isa = XCBuildConfiguration;
			baseConfigurationReference = 2AB1F17F90B6400C8B936EBE /* Pods-timetable.debug.xcconfig */;
			buildSettings = {
				ASSETCATALOG_COMPILER_APPICON_NAME = AppIcon;
				ASSETCATALOG_COMPILER_GLOBAL_ACCENT_COLOR_NAME = AccentColor;
				CODE_SIGN_ENTITLEMENTS = timetable/SupportingFiles/timetable.entitlements;
				CODE_SIGN_STYLE = Automatic;
				CURRENT_PROJECT_VERSION = 1;
				DEVELOPMENT_TEAM = 653PNCT9WW;
				GENERATE_INFOPLIST_FILE = YES;
				INFOPLIST_FILE = timetable/SupportingFiles/Info.plist;
				INFOPLIST_KEY_CFBundleDisplayName = timetable;
				INFOPLIST_KEY_LSApplicationCategoryType = "public.app-category.education";
				INFOPLIST_KEY_NSPhotoLibraryUsageDescription = "This application needs access to your photos for a simple display.";
				INFOPLIST_KEY_UIApplicationSupportsIndirectInputEvents = YES;
				INFOPLIST_KEY_UILaunchStoryboardName = LaunchScreen;
				INFOPLIST_KEY_UIRequiresFullScreen = NO;
				INFOPLIST_KEY_UIStatusBarStyle = "";
				INFOPLIST_KEY_UISupportedInterfaceOrientations = UIInterfaceOrientationPortrait;
				IPHONEOS_DEPLOYMENT_TARGET = 16;
				LD_RUNPATH_SEARCH_PATHS = (
					"$(inherited)",
					"@executable_path/Frameworks",
				);
				MARKETING_VERSION = 2;
				PRODUCT_BUNDLE_IDENTIFIER = zipozt.timetable;
				PRODUCT_NAME = "$(TARGET_NAME)";
				SUPPORTED_PLATFORMS = "iphoneos iphonesimulator";
				SUPPORTS_MACCATALYST = YES;
				SUPPORTS_MAC_DESIGNED_FOR_IPHONE_IPAD = NO;
				SWIFT_EMIT_LOC_STRINGS = YES;
				SWIFT_VERSION = 5.0;
				TARGETED_DEVICE_FAMILY = "1,2";
			};
			name = Debug;
		};
		0ACC4E6729C660CF00B3D6AC /* Release */ = {
			isa = XCBuildConfiguration;
			baseConfigurationReference = 6E58B7D905720E602C4B63CF /* Pods-timetable.release.xcconfig */;
			buildSettings = {
				ASSETCATALOG_COMPILER_APPICON_NAME = AppIcon;
				ASSETCATALOG_COMPILER_GLOBAL_ACCENT_COLOR_NAME = AccentColor;
				CODE_SIGN_ENTITLEMENTS = timetable/SupportingFiles/timetable.entitlements;
				CODE_SIGN_STYLE = Automatic;
				CURRENT_PROJECT_VERSION = 1;
				DEVELOPMENT_TEAM = 653PNCT9WW;
				GENERATE_INFOPLIST_FILE = YES;
				INFOPLIST_FILE = timetable/SupportingFiles/Info.plist;
				INFOPLIST_KEY_CFBundleDisplayName = timetable;
				INFOPLIST_KEY_LSApplicationCategoryType = "public.app-category.education";
				INFOPLIST_KEY_NSPhotoLibraryUsageDescription = "This application needs access to your photos for a simple display.";
				INFOPLIST_KEY_UIApplicationSupportsIndirectInputEvents = YES;
				INFOPLIST_KEY_UILaunchStoryboardName = LaunchScreen;
				INFOPLIST_KEY_UIRequiresFullScreen = NO;
				INFOPLIST_KEY_UIStatusBarStyle = "";
				INFOPLIST_KEY_UISupportedInterfaceOrientations = UIInterfaceOrientationPortrait;
				IPHONEOS_DEPLOYMENT_TARGET = 16;
				LD_RUNPATH_SEARCH_PATHS = (
					"$(inherited)",
					"@executable_path/Frameworks",
				);
				MARKETING_VERSION = 2;
				PRODUCT_BUNDLE_IDENTIFIER = zipozt.timetable;
				PRODUCT_NAME = "$(TARGET_NAME)";
				SUPPORTED_PLATFORMS = "iphoneos iphonesimulator";
				SUPPORTS_MACCATALYST = YES;
				SUPPORTS_MAC_DESIGNED_FOR_IPHONE_IPAD = NO;
				SWIFT_EMIT_LOC_STRINGS = YES;
				SWIFT_VERSION = 5.0;
				TARGETED_DEVICE_FAMILY = "1,2";
			};
			name = Release;
		};
		0ACC4E6929C660CF00B3D6AC /* Debug */ = {
			isa = XCBuildConfiguration;
			buildSettings = {
				ALWAYS_EMBED_SWIFT_STANDARD_LIBRARIES = YES;
				BUNDLE_LOADER = "$(TEST_HOST)";
				CODE_SIGN_STYLE = Automatic;
				CURRENT_PROJECT_VERSION = 1;
				DEVELOPMENT_TEAM = 653PNCT9WW;
				GENERATE_INFOPLIST_FILE = YES;
				IPHONEOS_DEPLOYMENT_TARGET = 16.2;
				MARKETING_VERSION = 1.0;
				PRODUCT_BUNDLE_IDENTIFIER = zipozt.timetableTests;
				PRODUCT_NAME = "$(TARGET_NAME)";
				SWIFT_EMIT_LOC_STRINGS = NO;
				SWIFT_VERSION = 5.0;
				TARGETED_DEVICE_FAMILY = "1,2";
				TEST_HOST = "$(BUILT_PRODUCTS_DIR)/timetable.app/$(BUNDLE_EXECUTABLE_FOLDER_PATH)/timetable";
			};
			name = Debug;
		};
		0ACC4E6A29C660CF00B3D6AC /* Release */ = {
			isa = XCBuildConfiguration;
			buildSettings = {
				ALWAYS_EMBED_SWIFT_STANDARD_LIBRARIES = YES;
				BUNDLE_LOADER = "$(TEST_HOST)";
				CODE_SIGN_STYLE = Automatic;
				CURRENT_PROJECT_VERSION = 1;
				DEVELOPMENT_TEAM = 653PNCT9WW;
				GENERATE_INFOPLIST_FILE = YES;
				IPHONEOS_DEPLOYMENT_TARGET = 16.2;
				MARKETING_VERSION = 1.0;
				PRODUCT_BUNDLE_IDENTIFIER = zipozt.timetableTests;
				PRODUCT_NAME = "$(TARGET_NAME)";
				SWIFT_EMIT_LOC_STRINGS = NO;
				SWIFT_VERSION = 5.0;
				TARGETED_DEVICE_FAMILY = "1,2";
				TEST_HOST = "$(BUILT_PRODUCTS_DIR)/timetable.app/$(BUNDLE_EXECUTABLE_FOLDER_PATH)/timetable";
			};
			name = Release;
		};
		0ACC4E6C29C660CF00B3D6AC /* Debug */ = {
			isa = XCBuildConfiguration;
			buildSettings = {
				ALWAYS_EMBED_SWIFT_STANDARD_LIBRARIES = YES;
				CODE_SIGN_STYLE = Automatic;
				CURRENT_PROJECT_VERSION = 1;
				DEVELOPMENT_TEAM = 653PNCT9WW;
				GENERATE_INFOPLIST_FILE = YES;
				MARKETING_VERSION = 1.0;
				PRODUCT_BUNDLE_IDENTIFIER = zipozt.timetableUITests;
				PRODUCT_NAME = "$(TARGET_NAME)";
				SWIFT_EMIT_LOC_STRINGS = NO;
				SWIFT_VERSION = 5.0;
				TARGETED_DEVICE_FAMILY = "1,2";
				TEST_TARGET_NAME = timetable;
			};
			name = Debug;
		};
		0ACC4E6D29C660CF00B3D6AC /* Release */ = {
			isa = XCBuildConfiguration;
			buildSettings = {
				ALWAYS_EMBED_SWIFT_STANDARD_LIBRARIES = YES;
				CODE_SIGN_STYLE = Automatic;
				CURRENT_PROJECT_VERSION = 1;
				DEVELOPMENT_TEAM = 653PNCT9WW;
				GENERATE_INFOPLIST_FILE = YES;
				MARKETING_VERSION = 1.0;
				PRODUCT_BUNDLE_IDENTIFIER = zipozt.timetableUITests;
				PRODUCT_NAME = "$(TARGET_NAME)";
				SWIFT_EMIT_LOC_STRINGS = NO;
				SWIFT_VERSION = 5.0;
				TARGETED_DEVICE_FAMILY = "1,2";
				TEST_TARGET_NAME = timetable;
			};
			name = Release;
		};
/* End XCBuildConfiguration section */

/* Begin XCConfigurationList section */
		0ACC4E3629C660CE00B3D6AC /* Build configuration list for PBXProject "timetable" */ = {
			isa = XCConfigurationList;
			buildConfigurations = (
				0ACC4E6329C660CF00B3D6AC /* Debug */,
				0ACC4E6429C660CF00B3D6AC /* Release */,
			);
			defaultConfigurationIsVisible = 0;
			defaultConfigurationName = Release;
		};
		0ACC4E6529C660CF00B3D6AC /* Build configuration list for PBXNativeTarget "timetable" */ = {
			isa = XCConfigurationList;
			buildConfigurations = (
				0ACC4E6629C660CF00B3D6AC /* Debug */,
				0ACC4E6729C660CF00B3D6AC /* Release */,
			);
			defaultConfigurationIsVisible = 0;
			defaultConfigurationName = Release;
		};
		0ACC4E6829C660CF00B3D6AC /* Build configuration list for PBXNativeTarget "timetableTests" */ = {
			isa = XCConfigurationList;
			buildConfigurations = (
				0ACC4E6929C660CF00B3D6AC /* Debug */,
				0ACC4E6A29C660CF00B3D6AC /* Release */,
			);
			defaultConfigurationIsVisible = 0;
			defaultConfigurationName = Release;
		};
		0ACC4E6B29C660CF00B3D6AC /* Build configuration list for PBXNativeTarget "timetableUITests" */ = {
			isa = XCConfigurationList;
			buildConfigurations = (
				0ACC4E6C29C660CF00B3D6AC /* Debug */,
				0ACC4E6D29C660CF00B3D6AC /* Release */,
			);
			defaultConfigurationIsVisible = 0;
			defaultConfigurationName = Release;
		};
/* End XCConfigurationList section */

/* Begin XCVersionGroup section */
		0A223B6D29C893FE00C8EDBF /* CoreDataTimetable.xcdatamodeld */ = {
			isa = XCVersionGroup;
			children = (
				0A223B6E29C893FE00C8EDBF /* CoreDataTimetable.xcdatamodel */,
			);
			currentVersion = 0A223B6E29C893FE00C8EDBF /* CoreDataTimetable.xcdatamodel */;
			path = CoreDataTimetable.xcdatamodeld;
			sourceTree = "<group>";
			versionGroupType = wrapper.xcdatamodel;
		};
/* End XCVersionGroup section */
	};
	rootObject = 0ACC4E3329C660CE00B3D6AC /* Project object */;
}
